# This file is generated by running "yarn install" inside your project.
# Manual changes might be lost - proceed with caution!

__metadata:
  version: 8
  cacheKey: 10c0

"@biomejs/biome@npm:^2.2.2":
  version: 2.2.2
  resolution: "@biomejs/biome@npm:2.2.2"
  dependencies:
    "@biomejs/cli-darwin-arm64": "npm:2.2.2"
    "@biomejs/cli-darwin-x64": "npm:2.2.2"
    "@biomejs/cli-linux-arm64": "npm:2.2.2"
    "@biomejs/cli-linux-arm64-musl": "npm:2.2.2"
    "@biomejs/cli-linux-x64": "npm:2.2.2"
    "@biomejs/cli-linux-x64-musl": "npm:2.2.2"
    "@biomejs/cli-win32-arm64": "npm:2.2.2"
    "@biomejs/cli-win32-x64": "npm:2.2.2"
  dependenciesMeta:
    "@biomejs/cli-darwin-arm64":
      optional: true
    "@biomejs/cli-darwin-x64":
      optional: true
    "@biomejs/cli-linux-arm64":
      optional: true
    "@biomejs/cli-linux-arm64-musl":
      optional: true
    "@biomejs/cli-linux-x64":
      optional: true
    "@biomejs/cli-linux-x64-musl":
      optional: true
    "@biomejs/cli-win32-arm64":
      optional: true
    "@biomejs/cli-win32-x64":
      optional: true
  bin:
    biome: bin/biome
  checksum: 10c0/108690efd8c3a5fcee9faf89371319b2d066208e8adbb05855650032a1cc9afc98ec4206b73b0be2c49cdf64ef765cf5a24785456b814d5846ab65b293791daf
  languageName: node
  linkType: hard

"@biomejs/cli-darwin-arm64@npm:2.2.2":
  version: 2.2.2
  resolution: "@biomejs/cli-darwin-arm64@npm:2.2.2"
  conditions: os=darwin & cpu=arm64
  languageName: node
  linkType: hard

"@biomejs/cli-darwin-x64@npm:2.2.2":
  version: 2.2.2
  resolution: "@biomejs/cli-darwin-x64@npm:2.2.2"
  conditions: os=darwin & cpu=x64
  languageName: node
  linkType: hard

"@biomejs/cli-linux-arm64-musl@npm:2.2.2":
  version: 2.2.2
  resolution: "@biomejs/cli-linux-arm64-musl@npm:2.2.2"
  conditions: os=linux & cpu=arm64 & libc=musl
  languageName: node
  linkType: hard

"@biomejs/cli-linux-arm64@npm:2.2.2":
  version: 2.2.2
  resolution: "@biomejs/cli-linux-arm64@npm:2.2.2"
  conditions: os=linux & cpu=arm64 & libc=glibc
  languageName: node
  linkType: hard

"@biomejs/cli-linux-x64-musl@npm:2.2.2":
  version: 2.2.2
  resolution: "@biomejs/cli-linux-x64-musl@npm:2.2.2"
  conditions: os=linux & cpu=x64 & libc=musl
  languageName: node
  linkType: hard

"@biomejs/cli-linux-x64@npm:2.2.2":
  version: 2.2.2
  resolution: "@biomejs/cli-linux-x64@npm:2.2.2"
  conditions: os=linux & cpu=x64 & libc=glibc
  languageName: node
  linkType: hard

"@biomejs/cli-win32-arm64@npm:2.2.2":
  version: 2.2.2
  resolution: "@biomejs/cli-win32-arm64@npm:2.2.2"
  conditions: os=win32 & cpu=arm64
  languageName: node
  linkType: hard

"@biomejs/cli-win32-x64@npm:2.2.2":
  version: 2.2.2
  resolution: "@biomejs/cli-win32-x64@npm:2.2.2"
  conditions: os=win32 & cpu=x64
  languageName: node
  linkType: hard

"@cspotcode/source-map-support@npm:^0.8.0":
  version: 0.8.1
  resolution: "@cspotcode/source-map-support@npm:0.8.1"
  dependencies:
    "@jridgewell/trace-mapping": "npm:0.3.9"
  checksum: 10c0/05c5368c13b662ee4c122c7bfbe5dc0b613416672a829f3e78bc49a357a197e0218d6e74e7c66cfcd04e15a179acab080bd3c69658c9fbefd0e1ccd950a07fc6
  languageName: node
  linkType: hard

"@jridgewell/resolve-uri@npm:^3.0.3":
  version: 3.1.2
  resolution: "@jridgewell/resolve-uri@npm:3.1.2"
  checksum: 10c0/d502e6fb516b35032331406d4e962c21fe77cdf1cbdb49c6142bcbd9e30507094b18972778a6e27cbad756209cfe34b1a27729e6fa08a2eb92b33943f680cf1e
  languageName: node
  linkType: hard

"@jridgewell/sourcemap-codec@npm:^1.4.10":
  version: 1.5.5
  resolution: "@jridgewell/sourcemap-codec@npm:1.5.5"
  checksum: 10c0/f9e538f302b63c0ebc06eecb1dd9918dd4289ed36147a0ddce35d6ea4d7ebbda243cda7b2213b6a5e1d8087a298d5cf630fb2bd39329cdecb82017023f6081a0
  languageName: node
  linkType: hard

"@jridgewell/trace-mapping@npm:0.3.9":
  version: 0.3.9
  resolution: "@jridgewell/trace-mapping@npm:0.3.9"
  dependencies:
    "@jridgewell/resolve-uri": "npm:^3.0.3"
    "@jridgewell/sourcemap-codec": "npm:^1.4.10"
  checksum: 10c0/fa425b606d7c7ee5bfa6a31a7b050dd5814b4082f318e0e4190f991902181b4330f43f4805db1dd4f2433fd0ed9cc7a7b9c2683f1deeab1df1b0a98b1e24055b
  languageName: node
  linkType: hard

"@prisma/adapter-pg@npm:^6.14.0":
  version: 6.14.0
  resolution: "@prisma/adapter-pg@npm:6.14.0"
  dependencies:
    "@prisma/driver-adapter-utils": "npm:6.14.0"
    pg: "npm:^8.11.3"
    postgres-array: "npm:3.0.4"
  checksum: 10c0/72903e8d292c802417b9668ae3dff4f8a6376be1a7fb40f2f09c671f32be7e6ac065d472da12acc715ae85e97b1dd249d5883422174eefe239222f1572563287
  languageName: node
  linkType: hard

"@prisma/client@npm:^6.14.0":
  version: 6.14.0
  resolution: "@prisma/client@npm:6.14.0"
  peerDependencies:
    prisma: "*"
    typescript: ">=5.1.0"
  peerDependenciesMeta:
    prisma:
      optional: true
    typescript:
      optional: true
  checksum: 10c0/9019cea9a65012ca2237d52adfd22ad02faf829ff9d1636d288b47e9a5ba61b1fa0595eed2e085abb1427949d1a6f9b48c161bb92f02ccc0caa5c22009663593
  languageName: node
  linkType: hard

"@prisma/config@npm:6.14.0":
  version: 6.14.0
  resolution: "@prisma/config@npm:6.14.0"
  dependencies:
    c12: "npm:3.1.0"
    deepmerge-ts: "npm:7.1.5"
    effect: "npm:3.16.12"
    empathic: "npm:2.0.0"
  checksum: 10c0/6984bc0d086782b5cec0b08330f8a7889b4000a597e2801985ee0386ae7e26957bc0fd436c70a12ffb61fb21e1999f51a78c4052aeab0ec770cec02df42f3996
  languageName: node
  linkType: hard

"@prisma/debug@npm:6.14.0":
  version: 6.14.0
  resolution: "@prisma/debug@npm:6.14.0"
  checksum: 10c0/01ee2d1e664f7555ad1f1e7d1fd1f69f6513a40c79c8296d769e16d6783c04681f00127325af1b8a0ce8ec8033674a81247fac49a133c112c5d4ebf8457b5a0a
  languageName: node
  linkType: hard

"@prisma/driver-adapter-utils@npm:6.14.0":
  version: 6.14.0
  resolution: "@prisma/driver-adapter-utils@npm:6.14.0"
  dependencies:
    "@prisma/debug": "npm:6.14.0"
  checksum: 10c0/d77f6b46bd2132abd92655e0c4e83542432ab8f9f04eff7f29213b035fa4f362884199e1b0d1ad6801e4347419eba16db430a963e739a68c2226f6f15fb71c5d
  languageName: node
  linkType: hard

"@prisma/engines-version@npm:6.14.0-25.717184b7b35ea05dfa71a3236b7af656013e1e49":
  version: 6.14.0-25.717184b7b35ea05dfa71a3236b7af656013e1e49
  resolution: "@prisma/engines-version@npm:6.14.0-25.717184b7b35ea05dfa71a3236b7af656013e1e49"
  checksum: 10c0/67dfd5a425562f3a869bbe33f2b35717cba7387d64b8f18236071210aa3cbd37935ada00e6fef27e58464a43e4c97ee0650343f42ea9352e7a1989fec31fe7ae
  languageName: node
  linkType: hard

"@prisma/engines@npm:6.14.0":
  version: 6.14.0
  resolution: "@prisma/engines@npm:6.14.0"
  dependencies:
    "@prisma/debug": "npm:6.14.0"
    "@prisma/engines-version": "npm:6.14.0-25.717184b7b35ea05dfa71a3236b7af656013e1e49"
    "@prisma/fetch-engine": "npm:6.14.0"
    "@prisma/get-platform": "npm:6.14.0"
  checksum: 10c0/cdccd4d3865d903f1b1664a7dbcfe5f541263f6313ffb32b9e9cff7c654c36bb935720e5b1d8a63d339720087f4903295978777948299653ddd9196010f2f169
  languageName: node
  linkType: hard

"@prisma/fetch-engine@npm:6.14.0":
  version: 6.14.0
  resolution: "@prisma/fetch-engine@npm:6.14.0"
  dependencies:
    "@prisma/debug": "npm:6.14.0"
    "@prisma/engines-version": "npm:6.14.0-25.717184b7b35ea05dfa71a3236b7af656013e1e49"
    "@prisma/get-platform": "npm:6.14.0"
  checksum: 10c0/cfb1fa3941cfa8d7c39734cf6e262449bcf5fd74433434f24ca741d7102a3fbf79f5e019b74931e8049e84e72d62bfbbfd55bc319cae275e2fbd4fdce2435f0c
  languageName: node
  linkType: hard

"@prisma/get-platform@npm:6.14.0":
  version: 6.14.0
  resolution: "@prisma/get-platform@npm:6.14.0"
  dependencies:
    "@prisma/debug": "npm:6.14.0"
  checksum: 10c0/2d33f6b2831576639080e626e8ffc2c5ac9cc5abe6f549856f37a9731d3728ae1d19b0e304db4c0ed92589a8cca7b4ce75576c2719b6aad1b1455ff0db2d76ad
  languageName: node
  linkType: hard

"@standard-schema/spec@npm:^1.0.0":
  version: 1.0.0
  resolution: "@standard-schema/spec@npm:1.0.0"
  checksum: 10c0/a1ab9a8bdc09b5b47aa8365d0e0ec40cc2df6437be02853696a0e377321653b0d3ac6f079a8c67d5ddbe9821025584b1fb71d9cc041a6666a96f1fadf2ece15f
  languageName: node
  linkType: hard

"@tsconfig/node10@npm:^1.0.7":
  version: 1.0.11
  resolution: "@tsconfig/node10@npm:1.0.11"
  checksum: 10c0/28a0710e5d039e0de484bdf85fee883bfd3f6a8980601f4d44066b0a6bcd821d31c4e231d1117731c4e24268bd4cf2a788a6787c12fc7f8d11014c07d582783c
  languageName: node
  linkType: hard

"@tsconfig/node12@npm:^1.0.7":
  version: 1.0.11
  resolution: "@tsconfig/node12@npm:1.0.11"
  checksum: 10c0/dddca2b553e2bee1308a056705103fc8304e42bb2d2cbd797b84403a223b25c78f2c683ec3e24a095e82cd435387c877239bffcb15a590ba817cd3f6b9a99fd9
  languageName: node
  linkType: hard

"@tsconfig/node14@npm:^1.0.0":
  version: 1.0.3
  resolution: "@tsconfig/node14@npm:1.0.3"
  checksum: 10c0/67c1316d065fdaa32525bc9449ff82c197c4c19092b9663b23213c8cbbf8d88b6ed6a17898e0cbc2711950fbfaf40388938c1c748a2ee89f7234fc9e7fe2bf44
  languageName: node
  linkType: hard

"@tsconfig/node16@npm:^1.0.2":
  version: 1.0.4
  resolution: "@tsconfig/node16@npm:1.0.4"
  checksum: 10c0/05f8f2734e266fb1839eb1d57290df1664fe2aa3b0fdd685a9035806daa635f7519bf6d5d9b33f6e69dd545b8c46bd6e2b5c79acb2b1f146e885f7f11a42a5bb
  languageName: node
  linkType: hard

"@types/node@npm:^24.3.0":
  version: 24.3.0
  resolution: "@types/node@npm:24.3.0"
  dependencies:
    undici-types: "npm:~7.10.0"
  checksum: 10c0/96bdeca01f690338957c2dcc92cb9f76c262c10398f8d91860865464412b0f9d309c24d9b03d0bdd26dd47fa7ee3f8227893d5c89bc2009d919a525a22512030
  languageName: node
  linkType: hard

"acorn-walk@npm:^8.1.1":
  version: 8.3.4
  resolution: "acorn-walk@npm:8.3.4"
  dependencies:
    acorn: "npm:^8.11.0"
  checksum: 10c0/76537ac5fb2c37a64560feaf3342023dadc086c46da57da363e64c6148dc21b57d49ace26f949e225063acb6fb441eabffd89f7a3066de5ad37ab3e328927c62
  languageName: node
  linkType: hard

"acorn@npm:^8.11.0, acorn@npm:^8.4.1":
  version: 8.15.0
  resolution: "acorn@npm:8.15.0"
  bin:
    acorn: bin/acorn
  checksum: 10c0/dec73ff59b7d6628a01eebaece7f2bdb8bb62b9b5926dcad0f8931f2b8b79c2be21f6c68ac095592adb5adb15831a3635d9343e6a91d028bbe85d564875ec3ec
  languageName: node
  linkType: hard

"arg@npm:^4.1.0":
  version: 4.1.3
  resolution: "arg@npm:4.1.3"
  checksum: 10c0/070ff801a9d236a6caa647507bdcc7034530604844d64408149a26b9e87c2f97650055c0f049abd1efc024b334635c01f29e0b632b371ac3f26130f4cf65997a
  languageName: node
  linkType: hard

"c12@npm:3.1.0":
  version: 3.1.0
  resolution: "c12@npm:3.1.0"
  dependencies:
    chokidar: "npm:^4.0.3"
    confbox: "npm:^0.2.2"
    defu: "npm:^6.1.4"
    dotenv: "npm:^16.6.1"
    exsolve: "npm:^1.0.7"
    giget: "npm:^2.0.0"
    jiti: "npm:^2.4.2"
    ohash: "npm:^2.0.11"
    pathe: "npm:^2.0.3"
    perfect-debounce: "npm:^1.0.0"
    pkg-types: "npm:^2.2.0"
    rc9: "npm:^2.1.2"
  peerDependencies:
    magicast: ^0.3.5
  peerDependenciesMeta:
    magicast:
      optional: true
  checksum: 10c0/a84d6cb5cb6171e9b5be67388b24c6945da8bf3d37b1e4db885ceb1db019da13b9af093d8bbed6b536fd9c4a9202a2ed8c14fb15d4d94fb2e5e7c83b6c88f05b
  languageName: node
  linkType: hard

"chokidar@npm:^4.0.3":
  version: 4.0.3
  resolution: "chokidar@npm:4.0.3"
  dependencies:
    readdirp: "npm:^4.0.1"
  checksum: 10c0/a58b9df05bb452f7d105d9e7229ac82fa873741c0c40ddcc7bb82f8a909fbe3f7814c9ebe9bc9a2bef9b737c0ec6e2d699d179048ef06ad3ec46315df0ebe6ad
  languageName: node
  linkType: hard

"citty@npm:^0.1.6":
  version: 0.1.6
  resolution: "citty@npm:0.1.6"
  dependencies:
    consola: "npm:^3.2.3"
  checksum: 10c0/d26ad82a9a4a8858c7e149d90b878a3eceecd4cfd3e2ed3cd5f9a06212e451fb4f8cbe0fa39a3acb1b3e8f18e22db8ee5def5829384bad50e823d4b301609b48
  languageName: node
  linkType: hard

"confbox@npm:^0.2.2":
  version: 0.2.2
  resolution: "confbox@npm:0.2.2"
  checksum: 10c0/7c246588d533d31e8cdf66cb4701dff6de60f9be77ab54c0d0338e7988750ac56863cc0aca1b3f2046f45ff223a765d3e5d4977a7674485afcd37b6edf3fd129
  languageName: node
  linkType: hard

"consola@npm:^3.2.3, consola@npm:^3.4.0, consola@npm:^3.4.2":
  version: 3.4.2
  resolution: "consola@npm:3.4.2"
  checksum: 10c0/7cebe57ecf646ba74b300bcce23bff43034ed6fbec9f7e39c27cee1dc00df8a21cd336b466ad32e304ea70fba04ec9e890c200270de9a526ce021ba8a7e4c11a
  languageName: node
  linkType: hard

"create-require@npm:^1.1.0":
  version: 1.1.1
  resolution: "create-require@npm:1.1.1"
  checksum: 10c0/157cbc59b2430ae9a90034a5f3a1b398b6738bf510f713edc4d4e45e169bc514d3d99dd34d8d01ca7ae7830b5b8b537e46ae8f3c8f932371b0875c0151d7ec91
  languageName: node
  linkType: hard

"deepmerge-ts@npm:7.1.5":
  version: 7.1.5
  resolution: "deepmerge-ts@npm:7.1.5"
  checksum: 10c0/3a265a2086f334e3ecf43a7d4138c950cb99e0b39e816fa7fd7f5326161364e51b13010906908212667619066f5b48de738ed42543212323fbbb5d4ed7ebdc84
  languageName: node
  linkType: hard

"defu@npm:^6.1.4":
  version: 6.1.4
  resolution: "defu@npm:6.1.4"
  checksum: 10c0/2d6cc366262dc0cb8096e429368e44052fdf43ed48e53ad84cc7c9407f890301aa5fcb80d0995abaaf842b3949f154d060be4160f7a46cb2bc2f7726c81526f5
  languageName: node
  linkType: hard

"destr@npm:^2.0.3":
  version: 2.0.5
  resolution: "destr@npm:2.0.5"
  checksum: 10c0/efabffe7312a45ad90d79975376be958c50069f1156b94c181199763a7f971e113bd92227c26b94a169c71ca7dbc13583b7e96e5164743969fc79e1ff153e646
  languageName: node
  linkType: hard

"diff@npm:^4.0.1":
  version: 4.0.2
  resolution: "diff@npm:4.0.2"
  checksum: 10c0/81b91f9d39c4eaca068eb0c1eb0e4afbdc5bb2941d197f513dd596b820b956fef43485876226d65d497bebc15666aa2aa82c679e84f65d5f2bfbf14ee46e32c1
  languageName: node
  linkType: hard

"dotenv@npm:^16.6.1":
  version: 16.6.1
  resolution: "dotenv@npm:16.6.1"
  checksum: 10c0/15ce56608326ea0d1d9414a5c8ee6dcf0fffc79d2c16422b4ac2268e7e2d76ff5a572d37ffe747c377de12005f14b3cc22361e79fc7f1061cce81f77d2c973dc
  languageName: node
  linkType: hard

"effect@npm:3.16.12":
  version: 3.16.12
  resolution: "effect@npm:3.16.12"
  dependencies:
    "@standard-schema/spec": "npm:^1.0.0"
    fast-check: "npm:^3.23.1"
  checksum: 10c0/43b73cece506926ff086fdaf62943c2706a83c4192f81f6cba5ff85761e05f5da3c72a547936678ad432a6ea7585cf8f9c38f2f6344492f132e986fd04425c58
  languageName: node
  linkType: hard

"empathic@npm:2.0.0":
  version: 2.0.0
  resolution: "empathic@npm:2.0.0"
  checksum: 10c0/7d3b14b04a93b35c47bcc950467ec914fd241cd9acc0269b0ea160f13026ec110f520c90fae64720fde72cc1757b57f3f292fb606617b7fccac1f4d008a76506
  languageName: node
  linkType: hard

"exsolve@npm:^1.0.7":
  version: 1.0.7
  resolution: "exsolve@npm:1.0.7"
  checksum: 10c0/4479369d0bd84bb7e0b4f5d9bc18d26a89b6dbbbccd73f9d383d14892ef78ddbe159e01781055342f83dc00ebe90044036daf17ddf55cc21e2cac6609aa15631
  languageName: node
  linkType: hard

"fast-check@npm:^3.23.1":
  version: 3.23.2
  resolution: "fast-check@npm:3.23.2"
  dependencies:
    pure-rand: "npm:^6.1.0"
  checksum: 10c0/16fcff3c80321ee765e23c3aebd0f6427f175c9c6c1753104ec658970162365dc2d56bda046d815e8f2e90634c07ba7d6f0bcfd327fbd576d98c56a18a9765ed
  languageName: node
  linkType: hard

"giget@npm:^2.0.0":
  version: 2.0.0
  resolution: "giget@npm:2.0.0"
  dependencies:
    citty: "npm:^0.1.6"
    consola: "npm:^3.4.0"
    defu: "npm:^6.1.4"
    node-fetch-native: "npm:^1.6.6"
    nypm: "npm:^0.6.0"
    pathe: "npm:^2.0.3"
  bin:
    giget: dist/cli.mjs
  checksum: 10c0/606d81652643936ee7f76653b4dcebc09703524ff7fd19692634ce69e3fc6775a377760d7508162379451c03bf43cc6f46716aeadeb803f7cef3fc53d0671396
  languageName: node
  linkType: hard

"jiti@npm:^2.4.2":
  version: 2.5.1
  resolution: "jiti@npm:2.5.1"
  bin:
    jiti: lib/jiti-cli.mjs
  checksum: 10c0/f0a38d7d8842cb35ffe883038166aa2d52ffd21f1a4fc839ae4076ea7301c22a1f11373f8fc52e2667de7acde8f3e092835620dd6f72a0fbe9296b268b0874bb
  languageName: node
  linkType: hard

"make-error@npm:^1.1.1":
  version: 1.3.6
  resolution: "make-error@npm:1.3.6"
  checksum: 10c0/171e458d86854c6b3fc46610cfacf0b45149ba043782558c6875d9f42f222124384ad0b468c92e996d815a8a2003817a710c0a160e49c1c394626f76fa45396f
  languageName: node
  linkType: hard

"node-fetch-native@npm:^1.6.6":
  version: 1.6.7
  resolution: "node-fetch-native@npm:1.6.7"
  checksum: 10c0/8b748300fb053d21ca4d3db9c3ff52593d5e8f8a2d9fe90cbfad159676e324b954fdaefab46aeca007b5b9edab3d150021c4846444e4e8ab1f4e44cd3807be87
  languageName: node
  linkType: hard

"nypm@npm:^0.6.0":
  version: 0.6.1
  resolution: "nypm@npm:0.6.1"
  dependencies:
    citty: "npm:^0.1.6"
    consola: "npm:^3.4.2"
    pathe: "npm:^2.0.3"
    pkg-types: "npm:^2.2.0"
    tinyexec: "npm:^1.0.1"
  bin:
    nypm: dist/cli.mjs
  checksum: 10c0/61fc5ca665b998fa0229dd663799e8dbb6c757d01b00e90594731068e002f7d7e27b36de9dae807065cd44463ab0c0a6fc5a52560789377df007d1c56499f19f
  languageName: node
  linkType: hard

"ohash@npm:^2.0.11":
  version: 2.0.11
  resolution: "ohash@npm:2.0.11"
  checksum: 10c0/d07c8d79cc26da082c1a7c8d5b56c399dd4ed3b2bd069fcae6bae78c99a9bcc3ad813b1e1f49ca2f335292846d689c6141a762cf078727d2302a33d414e69c79
  languageName: node
  linkType: hard

"pathe@npm:^2.0.3":
  version: 2.0.3
  resolution: "pathe@npm:2.0.3"
  checksum: 10c0/c118dc5a8b5c4166011b2b70608762e260085180bb9e33e80a50dcdb1e78c010b1624f4280c492c92b05fc276715a4c357d1f9edc570f8f1b3d90b6839ebaca1
  languageName: node
  linkType: hard

"perfect-debounce@npm:^1.0.0":
  version: 1.0.0
  resolution: "perfect-debounce@npm:1.0.0"
  checksum: 10c0/e2baac416cae046ef1b270812cf9ccfb0f91c04ea36ac7f5b00bc84cb7f41bdbba087c0ab21b4e02a7ef3a1f1f6db399f137cecec46868bd7d8d88c2a9ee431f
  languageName: node
  linkType: hard

"pg-cloudflare@npm:^1.2.7":
  version: 1.2.7
  resolution: "pg-cloudflare@npm:1.2.7"
  checksum: 10c0/8a52713dbdecc9d389dc4e65e3b7ede2e199ec3715f7491ee80a15db171f2d75677a102e9c2cef0cb91a2f310e91f976eaec0dd6ef5d8bf357de0b948f9d9431
  languageName: node
  linkType: hard

"pg-connection-string@npm:^2.9.1":
  version: 2.9.1
  resolution: "pg-connection-string@npm:2.9.1"
  checksum: 10c0/9a646529bbc0843806fc5de98ce93735a4612b571f11867178a85665d11989a827e6fd157388ca0e34ec948098564fce836c178cfd499b9f0e8cd9972b8e2e5c
  languageName: node
  linkType: hard

"pg-int8@npm:1.0.1":
  version: 1.0.1
  resolution: "pg-int8@npm:1.0.1"
  checksum: 10c0/be6a02d851fc2a4ae3e9de81710d861de3ba35ac927268973eb3cb618873a05b9424656df464dd43bd7dc3fc5295c3f5b3c8349494f87c7af50ec59ef14e0b98
  languageName: node
  linkType: hard

"pg-pool@npm:^3.10.1":
  version: 3.10.1
  resolution: "pg-pool@npm:3.10.1"
  peerDependencies:
    pg: ">=8.0"
  checksum: 10c0/a00916b7df64226cc597fe769e3a757ff9b11562dc87ce5b0a54101a18c1fe282daaa2accaf27221e81e1e4cdf4da6a33dab09614734d32904d6c4e11c44a079
  languageName: node
  linkType: hard

"pg-protocol@npm:^1.10.3":
  version: 1.10.3
  resolution: "pg-protocol@npm:1.10.3"
  checksum: 10c0/f7ef54708c93ee6d271e37678296fc5097e4337fca91a88a3d99359b78633dbdbf6e983f0adb34b7cdd261b7ec7266deb20c3233bf3dfdb498b3e1098e8750b9
  languageName: node
  linkType: hard

"pg-types@npm:2.2.0":
  version: 2.2.0
  resolution: "pg-types@npm:2.2.0"
  dependencies:
    pg-int8: "npm:1.0.1"
    postgres-array: "npm:~2.0.0"
    postgres-bytea: "npm:~1.0.0"
    postgres-date: "npm:~1.0.4"
    postgres-interval: "npm:^1.1.0"
  checksum: 10c0/ab3f8069a323f601cd2d2279ca8c425447dab3f9b61d933b0601d7ffc00d6200df25e26a4290b2b0783b59278198f7dd2ed03e94c4875797919605116a577c65
  languageName: node
  linkType: hard

"pg@npm:^8.11.3, pg@npm:^8.16.3":
  version: 8.16.3
  resolution: "pg@npm:8.16.3"
  dependencies:
    pg-cloudflare: "npm:^1.2.7"
    pg-connection-string: "npm:^2.9.1"
    pg-pool: "npm:^3.10.1"
    pg-protocol: "npm:^1.10.3"
    pg-types: "npm:2.2.0"
    pgpass: "npm:1.0.5"
  peerDependencies:
    pg-native: ">=3.0.1"
  dependenciesMeta:
    pg-cloudflare:
      optional: true
  peerDependenciesMeta:
    pg-native:
      optional: true
  checksum: 10c0/a6a407ff0efb7599760d72ffdcda47a74c34c0fd71d896623caac45cf2cfb0f49a10973cce23110f182b9810639a1e9f6904454d7358c7001574ee0ffdcbce2a
  languageName: node
  linkType: hard

"pgpass@npm:1.0.5":
  version: 1.0.5
  resolution: "pgpass@npm:1.0.5"
  dependencies:
    split2: "npm:^4.1.0"
  checksum: 10c0/5ea6c9b2de04c33abb08d33a2dded303c4a3c7162a9264519cbe85c0a9857d712463140ba42fad0c7cd4b21f644dd870b45bb2e02fcbe505b4de0744fd802c1d
  languageName: node
  linkType: hard

"pkg-types@npm:^2.2.0":
  version: 2.3.0
  resolution: "pkg-types@npm:2.3.0"
  dependencies:
    confbox: "npm:^0.2.2"
    exsolve: "npm:^1.0.7"
    pathe: "npm:^2.0.3"
  checksum: 10c0/d2bbddc5b81bd4741e1529c08ef4c5f1542bbdcf63498b73b8e1d84cff71806d1b8b1577800549bb569cb7aa20056257677b979bff48c97967cba7e64f72ae12
  languageName: node
  linkType: hard

"postgres-array@npm:3.0.4":
  version: 3.0.4
  resolution: "postgres-array@npm:3.0.4"
  checksum: 10c0/47f3e648da512bacdd6a5ed55cf770605ec271330789faeece0fd13805a49f376d6e5c9e0e353377be11a9545e727dceaa2473566c505432bf06366ccd04c6b2
  languageName: node
  linkType: hard

"postgres-array@npm:~2.0.0":
  version: 2.0.0
  resolution: "postgres-array@npm:2.0.0"
  checksum: 10c0/cbd56207e4141d7fbf08c86f2aebf21fa7064943d3f808ec85f442ff94b48d891e7a144cc02665fb2de5dbcb9b8e3183a2ac749959e794b4a4cfd379d7a21d08
  languageName: node
  linkType: hard

"postgres-bytea@npm:~1.0.0":
  version: 1.0.0
  resolution: "postgres-bytea@npm:1.0.0"
  checksum: 10c0/febf2364b8a8953695cac159eeb94542ead5886792a9627b97e33f6b5bb6e263bc0706ab47ec221516e79fbd6b2452d668841830fb3b49ec6c0fc29be61892ce
  languageName: node
  linkType: hard

"postgres-date@npm:~1.0.4":
  version: 1.0.7
  resolution: "postgres-date@npm:1.0.7"
  checksum: 10c0/0ff91fccc64003e10b767fcfeefb5eaffbc522c93aa65d5051c49b3c4ce6cb93ab091a7d22877a90ad60b8874202c6f1d0f935f38a7235ed3b258efd54b97ca9
  languageName: node
  linkType: hard

"postgres-interval@npm:^1.1.0":
  version: 1.2.0
  resolution: "postgres-interval@npm:1.2.0"
  dependencies:
    xtend: "npm:^4.0.0"
  checksum: 10c0/c1734c3cb79e7f22579af0b268a463b1fa1d084e742a02a7a290c4f041e349456f3bee3b4ee0bb3f226828597f7b76deb615c1b857db9a742c45520100456272
  languageName: node
  linkType: hard

"prisma-bigint-repro@workspace:.":
  version: 0.0.0-use.local
  resolution: "prisma-bigint-repro@workspace:."
  dependencies:
    "@biomejs/biome": "npm:^2.2.2"
    "@prisma/adapter-pg": "npm:^6.14.0"
    "@prisma/client": "npm:^6.14.0"
    "@types/node": "npm:^24.3.0"
    pg: "npm:^8.16.3"
    prisma: "npm:^6.14.0"
    ts-node: "npm:^10.9.2"
    typescript: "npm:^5.9.2"
  languageName: unknown
  linkType: soft

"prisma@npm:^6.14.0":
  version: 6.14.0
  resolution: "prisma@npm:6.14.0"
  dependencies:
    "@prisma/config": "npm:6.14.0"
    "@prisma/engines": "npm:6.14.0"
  peerDependencies:
    typescript: ">=5.1.0"
  peerDependenciesMeta:
    typescript:
      optional: true
  bin:
    prisma: build/index.js
  checksum: 10c0/40a7da4f64a82944a666f6fc3d50a9b2af1af0644e2038936bca0daea183e819e992f8513f28285771c8b83fb50208a8d0e6989210a57c8c3d79b92b29c58a05
  languageName: node
  linkType: hard

"pure-rand@npm:^6.1.0":
  version: 6.1.0
  resolution: "pure-rand@npm:6.1.0"
  checksum: 10c0/1abe217897bf74dcb3a0c9aba3555fe975023147b48db540aa2faf507aee91c03bf54f6aef0eb2bf59cc259a16d06b28eca37f0dc426d94f4692aeff02fb0e65
  languageName: node
  linkType: hard

"rc9@npm:^2.1.2":
  version: 2.1.2
  resolution: "rc9@npm:2.1.2"
  dependencies:
    defu: "npm:^6.1.4"
    destr: "npm:^2.0.3"
  checksum: 10c0/a2ead3b94bf033e35e4ea40d70062a09feddb8f589c3f5a8fe4e9342976974296aee9f6e9e72bd5e78e6ae4b7bc16dc244f63699fd7322c16314e3238db982c9
  languageName: node
  linkType: hard

"readdirp@npm:^4.0.1":
  version: 4.1.2
  resolution: "readdirp@npm:4.1.2"
  checksum: 10c0/60a14f7619dec48c9c850255cd523e2717001b0e179dc7037cfa0895da7b9e9ab07532d324bfb118d73a710887d1e35f79c495fa91582784493e085d18c72c62
  languageName: node
  linkType: hard

"split2@npm:^4.1.0":
  version: 4.2.0
  resolution: "split2@npm:4.2.0"
  checksum: 10c0/b292beb8ce9215f8c642bb68be6249c5a4c7f332fc8ecadae7be5cbdf1ea95addc95f0459ef2e7ad9d45fd1064698a097e4eb211c83e772b49bc0ee423e91534
  languageName: node
  linkType: hard

"tinyexec@npm:^1.0.1":
  version: 1.0.1
  resolution: "tinyexec@npm:1.0.1"
  checksum: 10c0/e1ec3c8194a0427ce001ba69fd933d0c957e2b8994808189ed8020d3e0c01299aea8ecf0083cc514ecbf90754695895f2b5c0eac07eb2d0c406f7d4fbb8feade
  languageName: node
  linkType: hard

"ts-node@npm:^10.9.2":
  version: 10.9.2
  resolution: "ts-node@npm:10.9.2"
  dependencies:
    "@cspotcode/source-map-support": "npm:^0.8.0"
    "@tsconfig/node10": "npm:^1.0.7"
    "@tsconfig/node12": "npm:^1.0.7"
    "@tsconfig/node14": "npm:^1.0.0"
    "@tsconfig/node16": "npm:^1.0.2"
    acorn: "npm:^8.4.1"
    acorn-walk: "npm:^8.1.1"
    arg: "npm:^4.1.0"
    create-require: "npm:^1.1.0"
    diff: "npm:^4.0.1"
    make-error: "npm:^1.1.1"
    v8-compile-cache-lib: "npm:^3.0.1"
    yn: "npm:3.1.1"
  peerDependencies:
    "@swc/core": ">=1.2.50"
    "@swc/wasm": ">=1.2.50"
    "@types/node": "*"
    typescript: ">=2.7"
  peerDependenciesMeta:
    "@swc/core":
      optional: true
    "@swc/wasm":
      optional: true
  bin:
    ts-node: dist/bin.js
    ts-node-cwd: dist/bin-cwd.js
    ts-node-esm: dist/bin-esm.js
    ts-node-script: dist/bin-script.js
    ts-node-transpile-only: dist/bin-transpile.js
    ts-script: dist/bin-script-deprecated.js
  checksum: 10c0/5f29938489f96982a25ba650b64218e83a3357d76f7bede80195c65ab44ad279c8357264639b7abdd5d7e75fc269a83daa0e9c62fd8637a3def67254ecc9ddc2
  languageName: node
  linkType: hard

"typescript@npm:^5.9.2":
  version: 5.9.2
  resolution: "typescript@npm:5.9.2"
  bin:
    tsc: bin/tsc
    tsserver: bin/tsserver
  checksum: 10c0/cd635d50f02d6cf98ed42de2f76289701c1ec587a363369255f01ed15aaf22be0813226bff3c53e99d971f9b540e0b3cc7583dbe05faded49b1b0bed2f638a18
  languageName: node
  linkType: hard

"typescript@patch:typescript@npm%3A^5.9.2#optional!builtin<compat/typescript>":
  version: 5.9.2
  resolution: "typescript@patch:typescript@npm%3A5.9.2#optional!builtin<compat/typescript>::version=5.9.2&hash=5786d5"
  bin:
    tsc: bin/tsc
    tsserver: bin/tsserver
  checksum: 10c0/34d2a8e23eb8e0d1875072064d5e1d9c102e0bdce56a10a25c0b917b8aa9001a9cf5c225df12497e99da107dc379360bc138163c66b55b95f5b105b50578067e
  languageName: node
  linkType: hard

"undici-types@npm:~7.10.0":
  version: 7.10.0
  resolution: "undici-types@npm:7.10.0"
  checksum: 10c0/8b00ce50e235fe3cc601307f148b5e8fb427092ee3b23e8118ec0a5d7f68eca8cee468c8fc9f15cbb2cf2a3797945ebceb1cbd9732306a1d00e0a9b6afa0f635
  languageName: node
  linkType: hard

"v8-compile-cache-lib@npm:^3.0.1":
  version: 3.0.1
  resolution: "v8-compile-cache-lib@npm:3.0.1"
  checksum: 10c0/bdc36fb8095d3b41df197f5fb6f11e3a26adf4059df3213e3baa93810d8f0cc76f9a74aaefc18b73e91fe7e19154ed6f134eda6fded2e0f1c8d2272ed2d2d391
  languageName: node
  linkType: hard

"xtend@npm:^4.0.0":
  version: 4.0.2
  resolution: "xtend@npm:4.0.2"
  checksum: 10c0/366ae4783eec6100f8a02dff02ac907bf29f9a00b82ac0264b4d8b832ead18306797e283cf19de776538babfdcb2101375ec5646b59f08c52128ac4ab812ed0e
  languageName: node
  linkType: hard

"yn@npm:3.1.1":
  version: 3.1.1
  resolution: "yn@npm:3.1.1"
  checksum: 10c0/0732468dd7622ed8a274f640f191f3eaf1f39d5349a1b72836df484998d7d9807fbea094e2f5486d6b0cd2414aad5775972df0e68f8604db89a239f0f4bf7443
  languageName: node
  linkType: hard
